
Microsoft Visual Studio Solution File, Format Version 12.00
# Visual Studio Version 17
VisualStudioVersion = 17.6.33829.357
MinimumVisualStudioVersion = 10.0.40219.1
Project("{9A19103F-16F7-4668-BE54-9A1E7A4F7556}") = "tracker.api", "tracker.api\tracker.api.csproj", "{4A065E39-819E-4082-B69E-7D9BE00E49F4}"
EndProject
Project("{FAE04EC0-301F-11D3-BF4B-00C04F79EFBC}") = "Tracker.web", "Tracker.web\Tracker.web.csproj", "{F2938224-C0FA-41E3-BA2A-7D0AB240BDD3}"
EndProject
Global
	GlobalSection(SolutionConfigurationPlatforms) = preSolution
		Debug|Any CPU = Debug|Any CPU
		Release|Any CPU = Release|Any CPU
	EndGlobalSection
	GlobalSection(ProjectConfigurationPlatforms) = postSolution
		{4A065E39-819E-4082-B69E-7D9BE00E49F4}.Debug|Any CPU.ActiveCfg = Debug|Any CPU
		{4A065E39-819E-4082-B69E-7D9BE00E49F4}.Debug|Any CPU.Build.0 = Debug|Any CPU
		{4A065E39-819E-4082-B69E-7D9BE00E49F4}.Release|Any CPU.ActiveCfg = Release|Any CPU
		{4A065E39-819E-4082-B69E-7D9BE00E49F4}.Release|Any CPU.Build.0 = Release|Any CPU
		{F2938224-C0FA-41E3-BA2A-7D0AB240BDD3}.Debug|Any CPU.ActiveCfg = Debug|Any CPU
		{F2938224-C0FA-41E3-BA2A-7D0AB240BDD3}.Debug|Any CPU.Build.0 = Debug|Any CPU
		{F2938224-C0FA-41E3-BA2A-7D0AB240BDD3}.Release|Any CPU.ActiveCfg = Release|Any CPU
		{F2938224-C0FA-41E3-BA2A-7D0AB240BDD3}.Release|Any CPU.Build.0 = Release|Any CPU
	EndGlobalSection
	GlobalSection(SolutionProperties) = preSolution
		HideSolutionNode = FALSE
	EndGlobalSection
	GlobalSection(ExtensibilityGlobals) = postSolution
		SolutionGuid = {FEBA2044-0736-4924-82ED-0AA98BD4BE13}
	EndGlobalSection
EndGlobal
